Microsoft Visual Studio Solution File, Format Version 12.00
# Visual Studio 2012
Project("{FAE04EC0-301F-11D3-BF4B-00C04F79EFBC}") = "invaders", "invaders.csproj", "{B60DBCF7-914B-41BF-896B-9AA21C92C15D}"
EndProject
Global
	GlobalSection(SolutionConfigurationPlatforms) = preSolution
	Debug|Any CPU = Debug|Any CPU
	Release|Any CPU = Release|Any CPU
	Tools|Any CPU = Tools|Any CPU
	EndGlobalSection
	GlobalSection(ProjectConfigurationPlatforms) = postSolution
		{B60DBCF7-914B-41BF-896B-9AA21C92C15D}.Debug|Any CPU.ActiveCfg = Debug|Any CPU
		{B60DBCF7-914B-41BF-896B-9AA21C92C15D}.Debug|Any CPU.Build.0 = Debug|Any CPU
		{B60DBCF7-914B-41BF-896B-9AA21C92C15D}.Release|Any CPU.ActiveCfg = Release|Any CPU
		{B60DBCF7-914B-41BF-896B-9AA21C92C15D}.Release|Any CPU.Build.0 = Release|Any CPU
		{B60DBCF7-914B-41BF-896B-9AA21C92C15D}.Tools|Any CPU.ActiveCfg = Tools|Any CPU
		{B60DBCF7-914B-41BF-896B-9AA21C92C15D}.Tools|Any CPU.Build.0 = Tools|Any CPU
	EndGlobalSection
EndGlobal
